<?xml version="1.0" encoding="utf-8"?>
<Project ToolsVersion="4.0" xmlns="http://schemas.microsoft.com/developer/msbuild/2003">
  <ItemGroup>
    <Filter Include="Resource Files">
      <UniqueIdentifier>{67DA6AB6-F800-4c08-8B7A-83BB121AAD01}</UniqueIdentifier>
      <Extensions>rc;ico;cur;bmp;dlg;rc2;rct;bin;rgs;gif;jpg;jpeg;jpe;resx;tiff;tif;png;wav;mfcribbon-ms</Extensions>
    </Filter>
    <Filter Include="Include">
      <UniqueIdentifier>{c251e528-121f-4b66-a531-314685eebf9f}</UniqueIdentifier>
    </Filter>
    <Filter Include="CPURaytracer">
      <UniqueIdentifier>{8c80f80c-226e-4eb3-bbd6-092820001cf3}</UniqueIdentifier>
    </Filter>
    <Filter Include="Util">
      <UniqueIdentifier>{c4c138de-81bd-4064-889e-7caf33de9c29}</UniqueIdentifier>
    </Filter>
    <Filter Include="Math">
      <UniqueIdentifier>{2608c2c8-288a-405d-8e89-17b88c3aa942}</UniqueIdentifier>
    </Filter>
  </ItemGroup>
  <ItemGroup>
    <ClInclude Include="Precomp.h" />
    <ClInclude Include="Include\RZRenderers.h">
      <Filter>Include</Filter>
    </ClInclude>
    <ClInclude Include="CPURaytracer\CPURaytracer.h">
      <Filter>CPURaytracer</Filter>
    </ClInclude>
    <ClInclude Include="Util\BaseObject.h">
      <Filter>Util</Filter>
    </ClInclude>
    <ClInclude Include="Include\RZVector3.h">
      <Filter>Include</Filter>
    </ClInclude>
    <ClInclude Include="Util\AabbTree.h">
      <Filter>Util</Filter>
    </ClInclude>
    <ClInclude Include="Math\PrimitiveTests.h">
      <Filter>Math</Filter>
    </ClInclude>
  </ItemGroup>
  <ItemGroup>
    <ClCompile Include="Precomp.cpp" />
    <ClCompile Include="Api.cpp" />
    <ClCompile Include="CPURaytracer\CPURaytracer.cpp">
      <Filter>CPURaytracer</Filter>
    </ClCompile>
    <ClCompile Include="Util\AabbTree.cpp">
      <Filter>Util</Filter>
    </ClCompile>
    <ClCompile Include="Math\PrimitiveTests.cpp">
      <Filter>Math</Filter>
    </ClCompile>
  </ItemGroup>
  <ItemGroup>
    <None Include="RZRenderers.def">
      <Filter>Resource Files</Filter>
    </None>
  </ItemGroup>
</Project>